{
  "originHash" : "177f731eb1799fac0826b377cc3bb24260c77b85207c5f331e5b87ec89dcd86b",
  "pins" : [
    {
      "identity" : "context-shared-models",
      "kind" : "remoteSourceControl",
      "location" : "https://github.com/grepug/context-shared-models.git",
      "state" : {
        "branch" : "main",
        "revision" : "07b2ed624310d8490b0b6b44d0e725985a892908"
      }
    },
    {
      "identity" : "event-source",
      "kind" : "remoteSourceControl",
      "location" : "https://github.com/grepug/event-source.git",
      "state" : {
        "branch" : "master",
        "revision" : "9573201033c457f0786e4419fea8752bde0a52c1"
      }
    },
    {
      "identity" : "swift-ai",
      "kind" : "remoteSourceControl",
      "location" : "https://github.com/grepug/swift-ai.git",
      "state" : {
        "branch" : "main",
        "revision" : "c53f882bfeb48cee93dd3de283a2e29fd3588173"
      }
    }
  ],
  "version" : 3
}
