{
  "originHash" : "9c03cd25add318db9544652df4f6ea05a04de0acab524371844b0c565f87fbaf",
  "pins" : [
    {
      "identity" : "context-shared-models",
      "kind" : "remoteSourceControl",
      "location" : "https://github.com/grepug/context-shared-models.git",
      "state" : {
        "branch" : "main",
        "revision" : "07b2ed624310d8490b0b6b44d0e725985a892908"
      }
    },
    {
      "identity" : "event-source",
      "kind" : "remoteSourceControl",
      "location" : "https://github.com/grepug/event-source.git",
      "state" : {
        "branch" : "master",
        "revision" : "9573201033c457f0786e4419fea8752bde0a52c1"
      }
    },
    {
      "identity" : "swift-ai",
      "kind" : "remoteSourceControl",
      "location" : "https://github.com/grepug/swift-ai.git",
      "state" : {
        "branch" : "main",
        "revision" : "522b84f95b22293aad14f4d715a95022a4368f9c"
      }
    },
    {
      "identity" : "swift-log",
      "kind" : "remoteSourceControl",
      "location" : "https://github.com/apple/swift-log.git",
      "state" : {
        "revision" : "96a2f8a0fa41e9e09af4585e2724c4e825410b91",
        "version" : "1.6.2"
      }
    }
  ],
  "version" : 3
}
